// !$*UTF8*$!
{
	archiveVersion = 1;
	classes = {
	};
	objectVersion = 48;
	objects = {

/* Begin PBXBuildFile section */
		1819119A1FE67CD500678555 /* genPostData.swift in Sources */ = {isa = PBXBuildFile; fileRef = 181911991FE67CD500678555 /* genPostData.swift */; };
		18FBF96B1FE5258F00EC2041 /* AppDelegate.swift in Sources */ = {isa = PBXBuildFile; fileRef = 18FBF96A1FE5258F00EC2041 /* AppDelegate.swift */; };
		18FBF96D1FE5258F00EC2041 /* ViewController.swift in Sources */ = {isa = PBXBuildFile; fileRef = 18FBF96C1FE5258F00EC2041 /* ViewController.swift */; };
		18FBF96F1FE5258F00EC2041 /* Assets.xcassets in Resources */ = {isa = PBXBuildFile; fileRef = 18FBF96E1FE5258F00EC2041 /* Assets.xcassets */; };
		18FBF9721FE5258F00EC2041 /* Main.storyboard in Resources */ = {isa = PBXBuildFile; fileRef = 18FBF9701FE5258F00EC2041 /* Main.storyboard */; };
		18FBF97E1FE5838600EC2041 /* captchaSolver.swift in Sources */ = {isa = PBXBuildFile; fileRef = 18FBF97D1FE5838600EC2041 /* captchaSolver.swift */; };
		18FBF9811FE6332A00EC2041 /* Utility.swift in Sources */ = {isa = PBXBuildFile; fileRef = 18FBF9801FE6332A00EC2041 /* Utility.swift */; };
/* End PBXBuildFile section */

/* Begin PBXFileReference section */
		181911991FE67CD500678555 /* genPostData.swift */ = {isa = PBXFileReference; lastKnownFileType = sourcecode.swift; path = genPostData.swift; sourceTree = "<group>"; };
		18FBF9671FE5258F00EC2041 /* snkcooker.app */ = {isa = PBXFileReference; explicitFileType = wrapper.application; includeInIndex = 0; path = snkcooker.app; sourceTree = BUILT_PRODUCTS_DIR; };
		18FBF96A1FE5258F00EC2041 /* AppDelegate.swift */ = {isa = PBXFileReference; lastKnownFileType = sourcecode.swift; path = AppDelegate.swift; sourceTree = "<group>"; };
		18FBF96C1FE5258F00EC2041 /* ViewController.swift */ = {isa = PBXFileReference; lastKnownFileType = sourcecode.swift; path = ViewController.swift; sourceTree = "<group>"; };
		18FBF96E1FE5258F00EC2041 /* Assets.xcassets */ = {isa = PBXFileReference; lastKnownFileType = folder.assetcatalog; path = Assets.xcassets; sourceTree = "<group>"; };
		18FBF9711FE5258F00EC2041 /* Base */ = {isa = PBXFileReference; lastKnownFileType = file.storyboard; name = Base; path = Base.lproj/Main.storyboard; sourceTree = "<group>"; };
		18FBF9731FE5258F00EC2041 /* Info.plist */ = {isa = PBXFileReference; lastKnownFileType = text.plist.xml; path = Info.plist; sourceTree = "<group>"; };
		18FBF9741FE5258F00EC2041 /* snkcooker.entitlements */ = {isa = PBXFileReference; lastKnownFileType = text.plist.entitlements; path = snkcooker.entitlements; sourceTree = "<group>"; };
		18FBF97D1FE5838600EC2041 /* captchaSolver.swift */ = {isa = PBXFileReference; lastKnownFileType = sourcecode.swift; path = captchaSolver.swift; sourceTree = "<group>"; };
		18FBF9801FE6332A00EC2041 /* Utility.swift */ = {isa = PBXFileReference; lastKnownFileType = sourcecode.swift; path = Utility.swift; sourceTree = "<group>"; };
/* End PBXFileReference section */

/* Begin PBXFrameworksBuildPhase section */
		18FBF9641FE5258E00EC2041 /* Frameworks */ = {
			isa = PBXFrameworksBuildPhase;
			buildActionMask = 2147483647;
			files = (
			);
			runOnlyForDeploymentPostprocessing = 0;
		};
/* End PBXFrameworksBuildPhase section */

/* Begin PBXGroup section */
		1819119B1FE681C700678555 /* Models */ = {
			isa = PBXGroup;
			children = (
			);
			path = Models;
			sourceTree = "<group>";
		};
		18FBF95E1FE5258E00EC2041 = {
			isa = PBXGroup;
			children = (
				18FBF9691FE5258F00EC2041 /* snkcooker */,
				18FBF9681FE5258F00EC2041 /* Products */,
			);
			sourceTree = "<group>";
		};
		18FBF9681FE5258F00EC2041 /* Products */ = {
			isa = PBXGroup;
			children = (
				18FBF9671FE5258F00EC2041 /* snkcooker.app */,
			);
			name = Products;
			sourceTree = "<group>";
		};
		18FBF9691FE5258F00EC2041 /* snkcooker */ = {
			isa = PBXGroup;
			children = (
				1819119B1FE681C700678555 /* Models */,
				18FBF97C1FE5831F00EC2041 /* Views */,
				18FBF97B1FE5830300EC2041 /* Controllers */,
				18FBF97A1FE582BF00EC2041 /* Service */,
				18FBF96A1FE5258F00EC2041 /* AppDelegate.swift */,
				18FBF96E1FE5258F00EC2041 /* Assets.xcassets */,
				18FBF9731FE5258F00EC2041 /* Info.plist */,
				18FBF9741FE5258F00EC2041 /* snkcooker.entitlements */,
			);
			path = snkcooker;
			sourceTree = "<group>";
		};
		18FBF97A1FE582BF00EC2041 /* Service */ = {
			isa = PBXGroup;
			children = (
				18FBF97D1FE5838600EC2041 /* captchaSolver.swift */,
				18FBF9801FE6332A00EC2041 /* Utility.swift */,
				181911991FE67CD500678555 /* genPostData.swift */,
			);
			path = Service;
			sourceTree = "<group>";
		};
		18FBF97B1FE5830300EC2041 /* Controllers */ = {
			isa = PBXGroup;
			children = (
				18FBF96C1FE5258F00EC2041 /* ViewController.swift */,
			);
			path = Controllers;
			sourceTree = "<group>";
		};
		18FBF97C1FE5831F00EC2041 /* Views */ = {
			isa = PBXGroup;
			children = (
				18FBF9701FE5258F00EC2041 /* Main.storyboard */,
			);
			path = Views;
			sourceTree = "<group>";
		};
/* End PBXGroup section */

/* Begin PBXNativeTarget section */
		18FBF9661FE5258E00EC2041 /* snkcooker */ = {
			isa = PBXNativeTarget;
			buildConfigurationList = 18FBF9771FE5258F00EC2041 /* Build configuration list for PBXNativeTarget "snkcooker" */;
			buildPhases = (
				18FBF9631FE5258E00EC2041 /* Sources */,
				18FBF9641FE5258E00EC2041 /* Frameworks */,
				18FBF9651FE5258E00EC2041 /* Resources */,
			);
			buildRules = (
			);
			dependencies = (
			);
			name = snkcooker;
			productName = snkcooker;
			productReference = 18FBF9671FE5258F00EC2041 /* snkcooker.app */;
			productType = "com.apple.product-type.application";
		};
/* End PBXNativeTarget section */

/* Begin PBXProject section */
		18FBF95F1FE5258E00EC2041 /* Project object */ = {
			isa = PBXProject;
			attributes = {
				LastSwiftUpdateCheck = 0920;
				LastUpgradeCheck = 0920;
				ORGANIZATIONNAME = luiyezheng;
				TargetAttributes = {
					18FBF9661FE5258E00EC2041 = {
						CreatedOnToolsVersion = 9.2;
						ProvisioningStyle = Automatic;
					};
				};
			};
			buildConfigurationList = 18FBF9621FE5258E00EC2041 /* Build configuration list for PBXProject "snkcooker" */;
			compatibilityVersion = "Xcode 8.0";
			developmentRegion = en;
			hasScannedForEncodings = 0;
			knownRegions = (
				en,
				Base,
			);
			mainGroup = 18FBF95E1FE5258E00EC2041;
			productRefGroup = 18FBF9681FE5258F00EC2041 /* Products */;
			projectDirPath = "";
			projectRoot = "";
			targets = (
				18FBF9661FE5258E00EC2041 /* snkcooker */,
			);
		};
/* End PBXProject section */

/* Begin PBXResourcesBuildPhase section */
		18FBF9651FE5258E00EC2041 /* Resources */ = {
			isa = PBXResourcesBuildPhase;
			buildActionMask = 2147483647;
			files = (
				18FBF96F1FE5258F00EC2041 /* Assets.xcassets in Resources */,
				18FBF9721FE5258F00EC2041 /* Main.storyboard in Resources */,
			);
			runOnlyForDeploymentPostprocessing = 0;
		};
/* End PBXResourcesBuildPhase section */

/* Begin PBXSourcesBuildPhase section */
		18FBF9631FE5258E00EC2041 /* Sources */ = {
			isa = PBXSourcesBuildPhase;
			buildActionMask = 2147483647;
			files = (
				18FBF9811FE6332A00EC2041 /* Utility.swift in Sources */,
				18FBF96D1FE5258F00EC2041 /* ViewController.swift in Sources */,
				18FBF96B1FE5258F00EC2041 /* AppDelegate.swift in Sources */,
				1819119A1FE67CD500678555 /* genPostData.swift in Sources */,
				18FBF97E1FE5838600EC2041 /* captchaSolver.swift in Sources */,
			);
			runOnlyForDeploymentPostprocessing = 0;
		};
/* End PBXSourcesBuildPhase section */

/* Begin PBXVariantGroup section */
		18FBF9701FE5258F00EC2041 /* Main.storyboard */ = {
			isa = PBXVariantGroup;
			children = (
				18FBF9711FE5258F00EC2041 /* Base */,
			);
			name = Main.storyboard;
			sourceTree = "<group>";
		};
/* End PBXVariantGroup section */

/* Begin XCBuildConfiguration section */
		18FBF9751FE5258F00EC2041 /* Debug */ = {
			isa = XCBuildConfiguration;
			buildSettings = {
				ALWAYS_SEARCH_USER_PATHS = NO;
				CLANG_ANALYZER_NONNULL = YES;
				CLANG_ANALYZER_NUMBER_OBJECT_CONVERSION = YES_AGGRESSIVE;
				CLANG_CXX_LANGUAGE_STANDARD = "gnu++14";
				CLANG_CXX_LIBRARY = "libc++";
				CLANG_ENABLE_MODULES = YES;
				CLANG_ENABLE_OBJC_ARC = YES;
				CLANG_WARN_BLOCK_CAPTURE_AUTORELEASING = YES;
				CLANG_WARN_BOOL_CONVERSION = YES;
				CLANG_WARN_COMMA = YES;
				CLANG_WARN_CONSTANT_CONVERSION = YES;
				CLANG_WARN_DIRECT_OBJC_ISA_USAGE = YES_ERROR;
				CLANG_WARN_DOCUMENTATION_COMMENTS = YES;
				CLANG_WARN_EMPTY_BODY = YES;
				CLANG_WARN_ENUM_CONVERSION = YES;
				CLANG_WARN_INFINITE_RECURSION = YES;
				CLANG_WARN_INT_CONVERSION = YES;
				CLANG_WARN_NON_LITERAL_NULL_CONVERSION = YES;
				CLANG_WARN_OBJC_LITERAL_CONVERSION = YES;
				CLANG_WARN_OBJC_ROOT_CLASS = YES_ERROR;
				CLANG_WARN_RANGE_LOOP_ANALYSIS = YES;
				CLANG_WARN_STRICT_PROTOTYPES = YES;
				CLANG_WARN_SUSPICIOUS_MOVE = YES;
				CLANG_WARN_UNGUARDED_AVAILABILITY = YES_AGGRESSIVE;
				CLANG_WARN_UNREACHABLE_CODE = YES;
				CLANG_WARN__DUPLICATE_METHOD_MATCH = YES;
				CODE_SIGN_IDENTITY = "-";
				COPY_PHASE_STRIP = NO;
				DEBUG_INFORMATION_FORMAT = dwarf;
				ENABLE_STRICT_OBJC_MSGSEND = YES;
				ENABLE_TESTABILITY = YES;
				GCC_C_LANGUAGE_STANDARD = gnu11;
				GCC_DYNAMIC_NO_PIC = NO;
				GCC_NO_COMMON_BLOCKS = YES;
				GCC_OPTIMIZATION_LEVEL = 0;
				GCC_PREPROCESSOR_DEFINITIONS = (
					"DEBUG=1",
					"$(inherited)",
				);
				GCC_WARN_64_TO_32_BIT_CONVERSION = YES;
				GCC_WARN_ABOUT_RETURN_TYPE = YES_ERROR;
				GCC_WARN_UNDECLARED_SELECTOR = YES;
				GCC_WARN_UNINITIALIZED_AUTOS = YES_AGGRESSIVE;
				GCC_WARN_UNUSED_FUNCTION = YES;
				GCC_WARN_UNUSED_VARIABLE = YES;
				MACOSX_DEPLOYMENT_TARGET = 10.13;
				MTL_ENABLE_DEBUG_INFO = YES;
				ONLY_ACTIVE_ARCH = YES;
				SDKROOT = macosx;
				SWIFT_ACTIVE_COMPILATION_CONDITIONS = DEBUG;
				SWIFT_OPTIMIZATION_LEVEL = "-Onone";
			};
			name = Debug;
		};
		18FBF9761FE5258F00EC2041 /* Release */ = {
			isa = XCBuildConfiguration;
			buildSettings = {
				ALWAYS_SEARCH_USER_PATHS = NO;
				CLANG_ANALYZER_NONNULL = YES;
				CLANG_ANALYZER_NUMBER_OBJECT_CONVERSION = YES_AGGRESSIVE;
				CLANG_CXX_LANGUAGE_STANDARD = "gnu++14";
				CLANG_CXX_LIBRARY = "libc++";
				CLANG_ENABLE_MODULES = YES;
				CLANG_ENABLE_OBJC_ARC = YES;
				CLANG_WARN_BLOCK_CAPTURE_AUTORELEASING = YES;
				CLANG_WARN_BOOL_CONVERSION = YES;
				CLANG_WARN_COMMA = YES;
				CLANG_WARN_CONSTANT_CONVERSION = YES;
				CLANG_WARN_DIRECT_OBJC_ISA_USAGE = YES_ERROR;
				CLANG_WARN_DOCUMENTATION_COMMENTS = YES;
				CLANG_WARN_EMPTY_BODY = YES;
				CLANG_WARN_ENUM_CONVERSION = YES;
				CLANG_WARN_INFINITE_RECURSION = YES;
				CLANG_WARN_INT_CONVERSION = YES;
				CLANG_WARN_NON_LITERAL_NULL_CONVERSION = YES;
				CLANG_WARN_OBJC_LITERAL_CONVERSION = YES;
				CLANG_WARN_OBJC_ROOT_CLASS = YES_ERROR;
				CLANG_WARN_RANGE_LOOP_ANALYSIS = YES;
				CLANG_WARN_STRICT_PROTOTYPES = YES;
				CLANG_WARN_SUSPICIOUS_MOVE = YES;
				CLANG_WARN_UNGUARDED_AVAILABILITY = YES_AGGRESSIVE;
				CLANG_WARN_UNREACHABLE_CODE = YES;
				CLANG_WARN__DUPLICATE_METHOD_MATCH = YES;
				CODE_SIGN_IDENTITY = "-";
				COPY_PHASE_STRIP = NO;
				DEBUG_INFORMATION_FORMAT = "dwarf-with-dsym";
				ENABLE_NS_ASSERTIONS = NO;
				ENABLE_STRICT_OBJC_MSGSEND = YES;
				GCC_C_LANGUAGE_STANDARD = gnu11;
				GCC_NO_COMMON_BLOCKS = YES;
				GCC_WARN_64_TO_32_BIT_CONVERSION = YES;
				GCC_WARN_ABOUT_RETURN_TYPE = YES_ERROR;
				GCC_WARN_UNDECLARED_SELECTOR = YES;
				GCC_WARN_UNINITIALIZED_AUTOS = YES_AGGRESSIVE;
				GCC_WARN_UNUSED_FUNCTION = YES;
				GCC_WARN_UNUSED_VARIABLE = YES;
				MACOSX_DEPLOYMENT_TARGET = 10.13;
				MTL_ENABLE_DEBUG_INFO = NO;
				SDKROOT = macosx;
				SWIFT_OPTIMIZATION_LEVEL = "-Owholemodule";
			};
			name = Release;
		};
		18FBF9781FE5258F00EC2041 /* Debug */ = {
			isa = XCBuildConfiguration;
			buildSettings = {
				ASSETCATALOG_COMPILER_APPICON_NAME = AppIcon;
				CODE_SIGN_STYLE = Automatic;
				COMBINE_HIDPI_IMAGES = YES;
				INFOPLIST_FILE = snkcooker/Info.plist;
				LD_RUNPATH_SEARCH_PATHS = "$(inherited) @executable_path/../Frameworks";
				PRODUCT_BUNDLE_IDENTIFIER = luiyezheng.snkcooker;
				PRODUCT_NAME = "$(TARGET_NAME)";
				SWIFT_VERSION = 4.0;
			};
			name = Debug;
		};
		18FBF9791FE5258F00EC2041 /* Release */ = {
			isa = XCBuildConfiguration;
			buildSettings = {
				ASSETCATALOG_COMPILER_APPICON_NAME = AppIcon;
				CODE_SIGN_STYLE = Automatic;
				COMBINE_HIDPI_IMAGES = YES;
				INFOPLIST_FILE = snkcooker/Info.plist;
				LD_RUNPATH_SEARCH_PATHS = "$(inherited) @executable_path/../Frameworks";
				PRODUCT_BUNDLE_IDENTIFIER = luiyezheng.snkcooker;
				PRODUCT_NAME = "$(TARGET_NAME)";
				SWIFT_VERSION = 4.0;
			};
			name = Release;
		};
/* End XCBuildConfiguration section */

/* Begin XCConfigurationList section */
		18FBF9621FE5258E00EC2041 /* Build configuration list for PBXProject "snkcooker" */ = {
			isa = XCConfigurationList;
			buildConfigurations = (
				18FBF9751FE5258F00EC2041 /* Debug */,
				18FBF9761FE5258F00EC2041 /* Release */,
			);
			defaultConfigurationIsVisible = 0;
			defaultConfigurationName = Release;
		};
		18FBF9771FE5258F00EC2041 /* Build configuration list for PBXNativeTarget "snkcooker" */ = {
			isa = XCConfigurationList;
			buildConfigurations = (
				18FBF9781FE5258F00EC2041 /* Debug */,
				18FBF9791FE5258F00EC2041 /* Release */,
			);
			defaultConfigurationIsVisible = 0;
			defaultConfigurationName = Release;
		};
/* End XCConfigurationList section */
	};
	rootObject = 18FBF95F1FE5258E00EC2041 /* Project object */;
}
